
Microsoft Visual Studio Solution File, Format Version 12.00
# Visual Studio 15
VisualStudioVersion = 15.0.28307.852
MinimumVisualStudioVersion = 10.0.40219.1
Project("{888888A0-9F3D-457C-B088-3A5042F75D52}") = "HelloWorld_Flask", "HelloWorld_Flask\HelloWorld_Flask.pyproj", "{B78653D7-BEA2-471F-966F-F45926C80F3E}"
EndProject
Global
	GlobalSection(SolutionConfigurationPlatforms) = preSolution
		Debug|Any CPU = Debug|Any CPU
		Release|Any CPU = Release|Any CPU
	EndGlobalSection
	GlobalSection(ProjectConfigurationPlatforms) = postSolution
		{B78653D7-BEA2-471F-966F-F45926C80F3E}.Debug|Any CPU.ActiveCfg = Debug|Any CPU
		{B78653D7-BEA2-471F-966F-F45926C80F3E}.Debug|Any CPU.Build.0 = Debug|Any CPU
		{B78653D7-BEA2-471F-966F-F45926C80F3E}.Release|Any CPU.ActiveCfg = Release|Any CPU
		{B78653D7-BEA2-471F-966F-F45926C80F3E}.Release|Any CPU.Build.0 = Release|Any CPU
	EndGlobalSection
	GlobalSection(SolutionProperties) = preSolution
		HideSolutionNode = FALSE
	EndGlobalSection
	GlobalSection(ExtensibilityGlobals) = postSolution
		SolutionGuid = {9B241DBF-BE1D-4DB7-95E8-2EAA1CA17BD3}
	EndGlobalSection
EndGlobal
